
Microsoft Visual Studio Solution File, Format Version 12.00
# Visual Studio Version 17
VisualStudioVersion = 17.6.33815.320
MinimumVisualStudioVersion = 10.0.40219.1
Project("{9A19103F-16F7-4668-BE54-9A1E7A4F7556}") = "PZ_01", "PZ_01\PZ_01.csproj", "{99E4E597-0698-45FB-A64E-2EC278F172A1}"
EndProject
Project("{FAE04EC0-301F-11D3-BF4B-00C04F79EFBC}") = "PZ_02", "PZ_02\PZ_02.csproj", "{3401FA23-82CC-48FA-8705-6DD137EB446B}"
EndProject
Global
	GlobalSection(SolutionConfigurationPlatforms) = preSolution
		Debug|Any CPU = Debug|Any CPU
		Release|Any CPU = Release|Any CPU
	EndGlobalSection
	GlobalSection(ProjectConfigurationPlatforms) = postSolution
		{99E4E597-0698-45FB-A64E-2EC278F172A1}.Debug|Any CPU.ActiveCfg = Debug|Any CPU
		{99E4E597-0698-45FB-A64E-2EC278F172A1}.Debug|Any CPU.Build.0 = Debug|Any CPU
		{99E4E597-0698-45FB-A64E-2EC278F172A1}.Release|Any CPU.ActiveCfg = Release|Any CPU
		{99E4E597-0698-45FB-A64E-2EC278F172A1}.Release|Any CPU.Build.0 = Release|Any CPU
		{3401FA23-82CC-48FA-8705-6DD137EB446B}.Debug|Any CPU.ActiveCfg = Debug|Any CPU
		{3401FA23-82CC-48FA-8705-6DD137EB446B}.Debug|Any CPU.Build.0 = Debug|Any CPU
		{3401FA23-82CC-48FA-8705-6DD137EB446B}.Release|Any CPU.ActiveCfg = Release|Any CPU
		{3401FA23-82CC-48FA-8705-6DD137EB446B}.Release|Any CPU.Build.0 = Release|Any CPU
	EndGlobalSection
	GlobalSection(SolutionProperties) = preSolution
		HideSolutionNode = FALSE
	EndGlobalSection
	GlobalSection(ExtensibilityGlobals) = postSolution
		SolutionGuid = {76A62FCF-E737-44DD-B8DB-B3ED67175F8B}
	EndGlobalSection
EndGlobal
