
Microsoft Visual Studio Solution File, Format Version 12.00
# Visual Studio Version 17
VisualStudioVersion = 17.6.33815.320
MinimumVisualStudioVersion = 10.0.40219.1
Project("{FAE04EC0-301F-11D3-BF4B-00C04F79EFBC}") = "ConsoleApp1", "ConsoleApp1\ConsoleApp1.csproj", "{03243845-1872-4B9F-A280-D0FF805267EE}"
EndProject
Global
	GlobalSection(SolutionConfigurationPlatforms) = preSolution
		Debug|Any CPU = Debug|Any CPU
		Release|Any CPU = Release|Any CPU
	EndGlobalSection
	GlobalSection(ProjectConfigurationPlatforms) = postSolution
		{03243845-1872-4B9F-A280-D0FF805267EE}.Debug|Any CPU.ActiveCfg = Debug|Any CPU
		{03243845-1872-4B9F-A280-D0FF805267EE}.Debug|Any CPU.Build.0 = Debug|Any CPU
		{03243845-1872-4B9F-A280-D0FF805267EE}.Release|Any CPU.ActiveCfg = Release|Any CPU
		{03243845-1872-4B9F-A280-D0FF805267EE}.Release|Any CPU.Build.0 = Release|Any CPU
	EndGlobalSection
	GlobalSection(SolutionProperties) = preSolution
		HideSolutionNode = FALSE
	EndGlobalSection
	GlobalSection(ExtensibilityGlobals) = postSolution
		SolutionGuid = {3B00E237-AA95-40AC-B30E-A1F670E2D1E5}
	EndGlobalSection
EndGlobal
